// !$*UTF8*$!
{
	archiveVersion = 1;
	classes = {
	};
	objectVersion = 50;
	objects = {

/* Begin PBXBuildFile section */
		D938C501256A324100F415BE /* AppDelegate.swift in Sources */ = {isa = PBXBuildFile; fileRef = D938C500256A324100F415BE /* AppDelegate.swift */; };
		D938C503256A324100F415BE /* SceneDelegate.swift in Sources */ = {isa = PBXBuildFile; fileRef = D938C502256A324100F415BE /* SceneDelegate.swift */; };
		D938C505256A324100F415BE /* ViewController.swift in Sources */ = {isa = PBXBuildFile; fileRef = D938C504256A324100F415BE /* ViewController.swift */; };
		D938C508256A324100F415BE /* Main.storyboard in Resources */ = {isa = PBXBuildFile; fileRef = D938C506256A324100F415BE /* Main.storyboard */; };
		D938C50A256A324400F415BE /* Assets.xcassets in Resources */ = {isa = PBXBuildFile; fileRef = D938C509256A324400F415BE /* Assets.xcassets */; };
		D938C50D256A324400F415BE /* LaunchScreen.storyboard in Resources */ = {isa = PBXBuildFile; fileRef = D938C50B256A324400F415BE /* LaunchScreen.storyboard */; };
		D938C518256A324500F415BE /* CaleTests.swift in Sources */ = {isa = PBXBuildFile; fileRef = D938C517256A324500F415BE /* CaleTests.swift */; };
		D938C523256A324500F415BE /* CaleUITests.swift in Sources */ = {isa = PBXBuildFile; fileRef = D938C522256A324500F415BE /* CaleUITests.swift */; };
/* End PBXBuildFile section */

/* Begin PBXContainerItemProxy section */
		D938C514256A324500F415BE /* PBXContainerItemProxy */ = {
			isa = PBXContainerItemProxy;
			containerPortal = D938C4F5256A324100F415BE /* Project object */;
			proxyType = 1;
			remoteGlobalIDString = D938C4FC256A324100F415BE;
			remoteInfo = Cale;
		};
		D938C51F256A324500F415BE /* PBXContainerItemProxy */ = {
			isa = PBXContainerItemProxy;
			containerPortal = D938C4F5256A324100F415BE /* Project object */;
			proxyType = 1;
			remoteGlobalIDString = D938C4FC256A324100F415BE;
			remoteInfo = Cale;
		};
/* End PBXContainerItemProxy section */

/* Begin PBXFileReference section */
		D938C4FD256A324100F415BE /* Cale.app */ = {isa = PBXFileReference; explicitFileType = wrapper.application; includeInIndex = 0; path = Cale.app; sourceTree = BUILT_PRODUCTS_DIR; };
		D938C500256A324100F415BE /* AppDelegate.swift */ = {isa = PBXFileReference; lastKnownFileType = sourcecode.swift; path = AppDelegate.swift; sourceTree = "<group>"; };
		D938C502256A324100F415BE /* SceneDelegate.swift */ = {isa = PBXFileReference; lastKnownFileType = sourcecode.swift; path = SceneDelegate.swift; sourceTree = "<group>"; };
		D938C504256A324100F415BE /* ViewController.swift */ = {isa = PBXFileReference; lastKnownFileType = sourcecode.swift; path = ViewController.swift; sourceTree = "<group>"; };
		D938C507256A324100F415BE /* Base */ = {isa = PBXFileReference; lastKnownFileType = file.storyboard; name = Base; path = Base.lproj/Main.storyboard; sourceTree = "<group>"; };
		D938C509256A324400F415BE /* Assets.xcassets */ = {isa = PBXFileReference; lastKnownFileType = folder.assetcatalog; path = Assets.xcassets; sourceTree = "<group>"; };
		D938C50C256A324400F415BE /* Base */ = {isa = PBXFileReference; lastKnownFileType = file.storyboard; name = Base; path = Base.lproj/LaunchScreen.storyboard; sourceTree = "<group>"; };
		D938C50E256A324400F415BE /* Info.plist */ = {isa = PBXFileReference; lastKnownFileType = text.plist.xml; path = Info.plist; sourceTree = "<group>"; };
		D938C513256A324500F415BE /* CaleTests.xctest */ = {isa = PBXFileReference; explicitFileType = wrapper.cfbundle; includeInIndex = 0; path = CaleTests.xctest; sourceTree = BUILT_PRODUCTS_DIR; };
		D938C517256A324500F415BE /* CaleTests.swift */ = {isa = PBXFileReference; lastKnownFileType = sourcecode.swift; path = CaleTests.swift; sourceTree = "<group>"; };
		D938C519256A324500F415BE /* Info.plist */ = {isa = PBXFileReference; lastKnownFileType = text.plist.xml; path = Info.plist; sourceTree = "<group>"; };
		D938C51E256A324500F415BE /* CaleUITests.xctest */ = {isa = PBXFileReference; explicitFileType = wrapper.cfbundle; includeInIndex = 0; path = CaleUITests.xctest; sourceTree = BUILT_PRODUCTS_DIR; };
		D938C522256A324500F415BE /* CaleUITests.swift */ = {isa = PBXFileReference; lastKnownFileType = sourcecode.swift; path = CaleUITests.swift; sourceTree = "<group>"; };
		D938C524256A324500F415BE /* Info.plist */ = {isa = PBXFileReference; lastKnownFileType = text.plist.xml; path = Info.plist; sourceTree = "<group>"; };
/* End PBXFileReference section */

/* Begin PBXFrameworksBuildPhase section */
		D938C4FA256A324100F415BE /* Frameworks */ = {
			isa = PBXFrameworksBuildPhase;
			buildActionMask = 2147483647;
			files = (
			);
			runOnlyForDeploymentPostprocessing = 0;
		};
		D938C510256A324500F415BE /* Frameworks */ = {
			isa = PBXFrameworksBuildPhase;
			buildActionMask = 2147483647;
			files = (
			);
			runOnlyForDeploymentPostprocessing = 0;
		};
		D938C51B256A324500F415BE /* Frameworks */ = {
			isa = PBXFrameworksBuildPhase;
			buildActionMask = 2147483647;
			files = (
			);
			runOnlyForDeploymentPostprocessing = 0;
		};
/* End PBXFrameworksBuildPhase section */

/* Begin PBXGroup section */
		D938C4F4256A324100F415BE = {
			isa = PBXGroup;
			children = (
				D938C4FF256A324100F415BE /* Cale */,
				D938C516256A324500F415BE /* CaleTests */,
				D938C521256A324500F415BE /* CaleUITests */,
				D938C4FE256A324100F415BE /* Products */,
			);
			sourceTree = "<group>";
		};
		D938C4FE256A324100F415BE /* Products */ = {
			isa = PBXGroup;
			children = (
				D938C4FD256A324100F415BE /* Cale.app */,
				D938C513256A324500F415BE /* CaleTests.xctest */,
				D938C51E256A324500F415BE /* CaleUITests.xctest */,
			);
			name = Products;
			sourceTree = "<group>";
		};
		D938C4FF256A324100F415BE /* Cale */ = {
			isa = PBXGroup;
			children = (
				D938C500256A324100F415BE /* AppDelegate.swift */,
				D938C502256A324100F415BE /* SceneDelegate.swift */,
				D938C504256A324100F415BE /* ViewController.swift */,
				D938C506256A324100F415BE /* Main.storyboard */,
				D938C509256A324400F415BE /* Assets.xcassets */,
				D938C50B256A324400F415BE /* LaunchScreen.storyboard */,
				D938C50E256A324400F415BE /* Info.plist */,
			);
			path = Cale;
			sourceTree = "<group>";
		};
		D938C516256A324500F415BE /* CaleTests */ = {
			isa = PBXGroup;
			children = (
				D938C517256A324500F415BE /* CaleTests.swift */,
				D938C519256A324500F415BE /* Info.plist */,
			);
			path = CaleTests;
			sourceTree = "<group>";
		};
		D938C521256A324500F415BE /* CaleUITests */ = {
			isa = PBXGroup;
			children = (
				D938C522256A324500F415BE /* CaleUITests.swift */,
				D938C524256A324500F415BE /* Info.plist */,
			);
			path = CaleUITests;
			sourceTree = "<group>";
		};
/* End PBXGroup section */

/* Begin PBXNativeTarget section */
		D938C4FC256A324100F415BE /* Cale */ = {
			isa = PBXNativeTarget;
			buildConfigurationList = D938C527256A324500F415BE /* Build configuration list for PBXNativeTarget "Cale" */;
			buildPhases = (
				D938C4F9256A324100F415BE /* Sources */,
				D938C4FA256A324100F415BE /* Frameworks */,
				D938C4FB256A324100F415BE /* Resources */,
			);
			buildRules = (
			);
			dependencies = (
			);
			name = Cale;
			productName = Cale;
			productReference = D938C4FD256A324100F415BE /* Cale.app */;
			productType = "com.apple.product-type.application";
		};
		D938C512256A324500F415BE /* CaleTests */ = {
			isa = PBXNativeTarget;
			buildConfigurationList = D938C52A256A324500F415BE /* Build configuration list for PBXNativeTarget "CaleTests" */;
			buildPhases = (
				D938C50F256A324500F415BE /* Sources */,
				D938C510256A324500F415BE /* Frameworks */,
				D938C511256A324500F415BE /* Resources */,
			);
			buildRules = (
			);
			dependencies = (
				D938C515256A324500F415BE /* PBXTargetDependency */,
			);
			name = CaleTests;
			productName = CaleTests;
			productReference = D938C513256A324500F415BE /* CaleTests.xctest */;
			productType = "com.apple.product-type.bundle.unit-test";
		};
		D938C51D256A324500F415BE /* CaleUITests */ = {
			isa = PBXNativeTarget;
			buildConfigurationList = D938C52D256A324500F415BE /* Build configuration list for PBXNativeTarget "CaleUITests" */;
			buildPhases = (
				D938C51A256A324500F415BE /* Sources */,
				D938C51B256A324500F415BE /* Frameworks */,
				D938C51C256A324500F415BE /* Resources */,
			);
			buildRules = (
			);
			dependencies = (
				D938C520256A324500F415BE /* PBXTargetDependency */,
			);
			name = CaleUITests;
			productName = CaleUITests;
			productReference = D938C51E256A324500F415BE /* CaleUITests.xctest */;
			productType = "com.apple.product-type.bundle.ui-testing";
		};
/* End PBXNativeTarget section */

/* Begin PBXProject section */
		D938C4F5256A324100F415BE /* Project object */ = {
			isa = PBXProject;
			attributes = {
				LastSwiftUpdateCheck = 1220;
				LastUpgradeCheck = 1220;
				TargetAttributes = {
					D938C4FC256A324100F415BE = {
						CreatedOnToolsVersion = 12.2;
					};
					D938C512256A324500F415BE = {
						CreatedOnToolsVersion = 12.2;
						TestTargetID = D938C4FC256A324100F415BE;
					};
					D938C51D256A324500F415BE = {
						CreatedOnToolsVersion = 12.2;
						TestTargetID = D938C4FC256A324100F415BE;
					};
				};
			};
			buildConfigurationList = D938C4F8256A324100F415BE /* Build configuration list for PBXProject "Cale" */;
			compatibilityVersion = "Xcode 9.3";
			developmentRegion = en;
			hasScannedForEncodings = 0;
			knownRegions = (
				en,
				Base,
			);
			mainGroup = D938C4F4256A324100F415BE;
			productRefGroup = D938C4FE256A324100F415BE /* Products */;
			projectDirPath = "";
			projectRoot = "";
			targets = (
				D938C4FC256A324100F415BE /* Cale */,
				D938C512256A324500F415BE /* CaleTests */,
				D938C51D256A324500F415BE /* CaleUITests */,
			);
		};
/* End PBXProject section */

/* Begin PBXResourcesBuildPhase section */
		D938C4FB256A324100F415BE /* Resources */ = {
			isa = PBXResourcesBuildPhase;
			buildActionMask = 2147483647;
			files = (
				D938C50D256A324400F415BE /* LaunchScreen.storyboard in Resources */,
				D938C50A256A324400F415BE /* Assets.xcassets in Resources */,
				D938C508256A324100F415BE /* Main.storyboard in Resources */,
			);
			runOnlyForDeploymentPostprocessing = 0;
		};
		D938C511256A324500F415BE /* Resources */ = {
			isa = PBXResourcesBuildPhase;
			buildActionMask = 2147483647;
			files = (
			);
			runOnlyForDeploymentPostprocessing = 0;
		};
		D938C51C256A324500F415BE /* Resources */ = {
			isa = PBXResourcesBuildPhase;
			buildActionMask = 2147483647;
			files = (
			);
			runOnlyForDeploymentPostprocessing = 0;
		};
/* End PBXResourcesBuildPhase section */

/* Begin PBXSourcesBuildPhase section */
		D938C4F9256A324100F415BE /* Sources */ = {
			isa = PBXSourcesBuildPhase;
			buildActionMask = 2147483647;
			files = (
				D938C505256A324100F415BE /* ViewController.swift in Sources */,
				D938C501256A324100F415BE /* AppDelegate.swift in Sources */,
				D938C503256A324100F415BE /* SceneDelegate.swift in Sources */,
			);
			runOnlyForDeploymentPostprocessing = 0;
		};
		D938C50F256A324500F415BE /* Sources */ = {
			isa = PBXSourcesBuildPhase;
			buildActionMask = 2147483647;
			files = (
				D938C518256A324500F415BE /* CaleTests.swift in Sources */,
			);
			runOnlyForDeploymentPostprocessing = 0;
		};
		D938C51A256A324500F415BE /* Sources */ = {
			isa = PBXSourcesBuildPhase;
			buildActionMask = 2147483647;
			files = (
				D938C523256A324500F415BE /* CaleUITests.swift in Sources */,
			);
			runOnlyForDeploymentPostprocessing = 0;
		};
/* End PBXSourcesBuildPhase section */

/* Begin PBXTargetDependency section */
		D938C515256A324500F415BE /* PBXTargetDependency */ = {
			isa = PBXTargetDependency;
			target = D938C4FC256A324100F415BE /* Cale */;
			targetProxy = D938C514256A324500F415BE /* PBXContainerItemProxy */;
		};
		D938C520256A324500F415BE /* PBXTargetDependency */ = {
			isa = PBXTargetDependency;
			target = D938C4FC256A324100F415BE /* Cale */;
			targetProxy = D938C51F256A324500F415BE /* PBXContainerItemProxy */;
		};
/* End PBXTargetDependency section */

/* Begin PBXVariantGroup section */
		D938C506256A324100F415BE /* Main.storyboard */ = {
			isa = PBXVariantGroup;
			children = (
				D938C507256A324100F415BE /* Base */,
			);
			name = Main.storyboard;
			sourceTree = "<group>";
		};
		D938C50B256A324400F415BE /* LaunchScreen.storyboard */ = {
			isa = PBXVariantGroup;
			children = (
				D938C50C256A324400F415BE /* Base */,
			);
			name = LaunchScreen.storyboard;
			sourceTree = "<group>";
		};
/* End PBXVariantGroup section */

/* Begin XCBuildConfiguration section */
		D938C525256A324500F415BE /* Debug */ = {
			isa = XCBuildConfiguration;
			buildSettings = {
				ALWAYS_SEARCH_USER_PATHS = NO;
				CLANG_ANALYZER_NONNULL = YES;
				CLANG_ANALYZER_NUMBER_OBJECT_CONVERSION = YES_AGGRESSIVE;
				CLANG_CXX_LANGUAGE_STANDARD = "gnu++14";
				CLANG_CXX_LIBRARY = "libc++";
				CLANG_ENABLE_MODULES = YES;
				CLANG_ENABLE_OBJC_ARC = YES;
				CLANG_ENABLE_OBJC_WEAK = YES;
				CLANG_WARN_BLOCK_CAPTURE_AUTORELEASING = YES;
				CLANG_WARN_BOOL_CONVERSION = YES;
				CLANG_WARN_COMMA = YES;
				CLANG_WARN_CONSTANT_CONVERSION = YES;
				CLANG_WARN_DEPRECATED_OBJC_IMPLEMENTATIONS = YES;
				CLANG_WARN_DIRECT_OBJC_ISA_USAGE = YES_ERROR;
				CLANG_WARN_DOCUMENTATION_COMMENTS = YES;
				CLANG_WARN_EMPTY_BODY = YES;
				CLANG_WARN_ENUM_CONVERSION = YES;
				CLANG_WARN_INFINITE_RECURSION = YES;
				CLANG_WARN_INT_CONVERSION = YES;
				CLANG_WARN_NON_LITERAL_NULL_CONVERSION = YES;
				CLANG_WARN_OBJC_IMPLICIT_RETAIN_SELF = YES;
				CLANG_WARN_OBJC_LITERAL_CONVERSION = YES;
				CLANG_WARN_OBJC_ROOT_CLASS = YES_ERROR;
				CLANG_WARN_QUOTED_INCLUDE_IN_FRAMEWORK_HEADER = YES;
				CLANG_WARN_RANGE_LOOP_ANALYSIS = YES;
				CLANG_WARN_STRICT_PROTOTYPES = YES;
				CLANG_WARN_SUSPICIOUS_MOVE = YES;
				CLANG_WARN_UNGUARDED_AVAILABILITY = YES_AGGRESSIVE;
				CLANG_WARN_UNREACHABLE_CODE = YES;
				CLANG_WARN__DUPLICATE_METHOD_MATCH = YES;
				COPY_PHASE_STRIP = NO;
				DEBUG_INFORMATION_FORMAT = dwarf;
				ENABLE_STRICT_OBJC_MSGSEND = YES;
				ENABLE_TESTABILITY = YES;
				GCC_C_LANGUAGE_STANDARD = gnu11;
				GCC_DYNAMIC_NO_PIC = NO;
				GCC_NO_COMMON_BLOCKS = YES;
				GCC_OPTIMIZATION_LEVEL = 0;
				GCC_PREPROCESSOR_DEFINITIONS = (
					"DEBUG=1",
					"$(inherited)",
				);
				GCC_WARN_64_TO_32_BIT_CONVERSION = YES;
				GCC_WARN_ABOUT_RETURN_TYPE = YES_ERROR;
				GCC_WARN_UNDECLARED_SELECTOR = YES;
				GCC_WARN_UNINITIALIZED_AUTOS = YES_AGGRESSIVE;
				GCC_WARN_UNUSED_FUNCTION = YES;
				GCC_WARN_UNUSED_VARIABLE = YES;
				IPHONEOS_DEPLOYMENT_TARGET = 14.2;
				MTL_ENABLE_DEBUG_INFO = INCLUDE_SOURCE;
				MTL_FAST_MATH = YES;
				ONLY_ACTIVE_ARCH = YES;
				SDKROOT = iphoneos;
				SWIFT_ACTIVE_COMPILATION_CONDITIONS = DEBUG;
				SWIFT_OPTIMIZATION_LEVEL = "-Onone";
			};
			name = Debug;
		};
		D938C526256A324500F415BE /* Release */ = {
			isa = XCBuildConfiguration;
			buildSettings = {
				ALWAYS_SEARCH_USER_PATHS = NO;
				CLANG_ANALYZER_NONNULL = YES;
				CLANG_ANALYZER_NUMBER_OBJECT_CONVERSION = YES_AGGRESSIVE;
				CLANG_CXX_LANGUAGE_STANDARD = "gnu++14";
				CLANG_CXX_LIBRARY = "libc++";
				CLANG_ENABLE_MODULES = YES;
				CLANG_ENABLE_OBJC_ARC = YES;
				CLANG_ENABLE_OBJC_WEAK = YES;
				CLANG_WARN_BLOCK_CAPTURE_AUTORELEASING = YES;
				CLANG_WARN_BOOL_CONVERSION = YES;
				CLANG_WARN_COMMA = YES;
				CLANG_WARN_CONSTANT_CONVERSION = YES;
				CLANG_WARN_DEPRECATED_OBJC_IMPLEMENTATIONS = YES;
				CLANG_WARN_DIRECT_OBJC_ISA_USAGE = YES_ERROR;
				CLANG_WARN_DOCUMENTATION_COMMENTS = YES;
				CLANG_WARN_EMPTY_BODY = YES;
				CLANG_WARN_ENUM_CONVERSION = YES;
				CLANG_WARN_INFINITE_RECURSION = YES;
				CLANG_WARN_INT_CONVERSION = YES;
				CLANG_WARN_NON_LITERAL_NULL_CONVERSION = YES;
				CLANG_WARN_OBJC_IMPLICIT_RETAIN_SELF = YES;
				CLANG_WARN_OBJC_LITERAL_CONVERSION = YES;
				CLANG_WARN_OBJC_ROOT_CLASS = YES_ERROR;
				CLANG_WARN_QUOTED_INCLUDE_IN_FRAMEWORK_HEADER = YES;
				CLANG_WARN_RANGE_LOOP_ANALYSIS = YES;
				CLANG_WARN_STRICT_PROTOTYPES = YES;
				CLANG_WARN_SUSPICIOUS_MOVE = YES;
				CLANG_WARN_UNGUARDED_AVAILABILITY = YES_AGGRESSIVE;
				CLANG_WARN_UNREACHABLE_CODE = YES;
				CLANG_WARN__DUPLICATE_METHOD_MATCH = YES;
				COPY_PHASE_STRIP = NO;
				DEBUG_INFORMATION_FORMAT = "dwarf-with-dsym";
				ENABLE_NS_ASSERTIONS = NO;
				ENABLE_STRICT_OBJC_MSGSEND = YES;
				GCC_C_LANGUAGE_STANDARD = gnu11;
				GCC_NO_COMMON_BLOCKS = YES;
				GCC_WARN_64_TO_32_BIT_CONVERSION = YES;
				GCC_WARN_ABOUT_RETURN_TYPE = YES_ERROR;
				GCC_WARN_UNDECLARED_SELECTOR = YES;
				GCC_WARN_UNINITIALIZED_AUTOS = YES_AGGRESSIVE;
				GCC_WARN_UNUSED_FUNCTION = YES;
				GCC_WARN_UNUSED_VARIABLE = YES;
				IPHONEOS_DEPLOYMENT_TARGET = 14.2;
				MTL_ENABLE_DEBUG_INFO = NO;
				MTL_FAST_MATH = YES;
				SDKROOT = iphoneos;
				SWIFT_COMPILATION_MODE = wholemodule;
				SWIFT_OPTIMIZATION_LEVEL = "-O";
				VALIDATE_PRODUCT = YES;
			};
			name = Release;
		};
		D938C528256A324500F415BE /* Debug */ = {
			isa = XCBuildConfiguration;
			buildSettings = {
				ASSETCATALOG_COMPILER_APPICON_NAME = AppIcon;
				ASSETCATALOG_COMPILER_GLOBAL_ACCENT_COLOR_NAME = AccentColor;
				CODE_SIGN_STYLE = Automatic;
				DEVELOPMENT_TEAM = 4TS265RWP8;
				INFOPLIST_FILE = Cale/Info.plist;
				LD_RUNPATH_SEARCH_PATHS = (
					"$(inherited)",
					"@executable_path/Frameworks",
				);
				PRODUCT_BUNDLE_IDENTIFIER = luru84.Cale;
				PRODUCT_NAME = "$(TARGET_NAME)";
				SWIFT_VERSION = 5.0;
				TARGETED_DEVICE_FAMILY = "1,2";
			};
			name = Debug;
		};
		D938C529256A324500F415BE /* Release */ = {
			isa = XCBuildConfiguration;
			buildSettings = {
				ASSETCATALOG_COMPILER_APPICON_NAME = AppIcon;
				ASSETCATALOG_COMPILER_GLOBAL_ACCENT_COLOR_NAME = AccentColor;
				CODE_SIGN_STYLE = Automatic;
				DEVELOPMENT_TEAM = 4TS265RWP8;
				INFOPLIST_FILE = Cale/Info.plist;
				LD_RUNPATH_SEARCH_PATHS = (
					"$(inherited)",
					"@executable_path/Frameworks",
				);
				PRODUCT_BUNDLE_IDENTIFIER = luru84.Cale;
				PRODUCT_NAME = "$(TARGET_NAME)";
				SWIFT_VERSION = 5.0;
				TARGETED_DEVICE_FAMILY = "1,2";
			};
			name = Release;
		};
		D938C52B256A324500F415BE /* Debug */ = {
			isa = XCBuildConfiguration;
			buildSettings = {
				ALWAYS_EMBED_SWIFT_STANDARD_LIBRARIES = YES;
				BUNDLE_LOADER = "$(TEST_HOST)";
				CODE_SIGN_STYLE = Automatic;
				DEVELOPMENT_TEAM = 4TS265RWP8;
				INFOPLIST_FILE = CaleTests/Info.plist;
				IPHONEOS_DEPLOYMENT_TARGET = 14.2;
				LD_RUNPATH_SEARCH_PATHS = (
					"$(inherited)",
					"@executable_path/Frameworks",
					"@loader_path/Frameworks",
				);
				PRODUCT_BUNDLE_IDENTIFIER = luru84.CaleTests;
				PRODUCT_NAME = "$(TARGET_NAME)";
				SWIFT_VERSION = 5.0;
				TARGETED_DEVICE_FAMILY = "1,2";
				TEST_HOST = "$(BUILT_PRODUCTS_DIR)/Cale.app/Cale";
			};
			name = Debug;
		};
		D938C52C256A324500F415BE /* Release */ = {
			isa = XCBuildConfiguration;
			buildSettings = {
				ALWAYS_EMBED_SWIFT_STANDARD_LIBRARIES = YES;
				BUNDLE_LOADER = "$(TEST_HOST)";
				CODE_SIGN_STYLE = Automatic;
				DEVELOPMENT_TEAM = 4TS265RWP8;
				INFOPLIST_FILE = CaleTests/Info.plist;
				IPHONEOS_DEPLOYMENT_TARGET = 14.2;
				LD_RUNPATH_SEARCH_PATHS = (
					"$(inherited)",
					"@executable_path/Frameworks",
					"@loader_path/Frameworks",
				);
				PRODUCT_BUNDLE_IDENTIFIER = luru84.CaleTests;
				PRODUCT_NAME = "$(TARGET_NAME)";
				SWIFT_VERSION = 5.0;
				TARGETED_DEVICE_FAMILY = "1,2";
				TEST_HOST = "$(BUILT_PRODUCTS_DIR)/Cale.app/Cale";
			};
			name = Release;
		};
		D938C52E256A324500F415BE /* Debug */ = {
			isa = XCBuildConfiguration;
			buildSettings = {
				ALWAYS_EMBED_SWIFT_STANDARD_LIBRARIES = YES;
				CODE_SIGN_STYLE = Automatic;
				DEVELOPMENT_TEAM = 4TS265RWP8;
				INFOPLIST_FILE = CaleUITests/Info.plist;
				LD_RUNPATH_SEARCH_PATHS = (
					"$(inherited)",
					"@executable_path/Frameworks",
					"@loader_path/Frameworks",
				);
				PRODUCT_BUNDLE_IDENTIFIER = luru84.CaleUITests;
				PRODUCT_NAME = "$(TARGET_NAME)";
				SWIFT_VERSION = 5.0;
				TARGETED_DEVICE_FAMILY = "1,2";
				TEST_TARGET_NAME = Cale;
			};
			name = Debug;
		};
		D938C52F256A324500F415BE /* Release */ = {
			isa = XCBuildConfiguration;
			buildSettings = {
				ALWAYS_EMBED_SWIFT_STANDARD_LIBRARIES = YES;
				CODE_SIGN_STYLE = Automatic;
				DEVELOPMENT_TEAM = 4TS265RWP8;
				INFOPLIST_FILE = CaleUITests/Info.plist;
				LD_RUNPATH_SEARCH_PATHS = (
					"$(inherited)",
					"@executable_path/Frameworks",
					"@loader_path/Frameworks",
				);
				PRODUCT_BUNDLE_IDENTIFIER = luru84.CaleUITests;
				PRODUCT_NAME = "$(TARGET_NAME)";
				SWIFT_VERSION = 5.0;
				TARGETED_DEVICE_FAMILY = "1,2";
				TEST_TARGET_NAME = Cale;
			};
			name = Release;
		};
/* End XCBuildConfiguration section */

/* Begin XCConfigurationList section */
		D938C4F8256A324100F415BE /* Build configuration list for PBXProject "Cale" */ = {
			isa = XCConfigurationList;
			buildConfigurations = (
				D938C525256A324500F415BE /* Debug */,
				D938C526256A324500F415BE /* Release */,
			);
			defaultConfigurationIsVisible = 0;
			defaultConfigurationName = Release;
		};
		D938C527256A324500F415BE /* Build configuration list for PBXNativeTarget "Cale" */ = {
			isa = XCConfigurationList;
			buildConfigurations = (
				D938C528256A324500F415BE /* Debug */,
				D938C529256A324500F415BE /* Release */,
			);
			defaultConfigurationIsVisible = 0;
			defaultConfigurationName = Release;
		};
		D938C52A256A324500F415BE /* Build configuration list for PBXNativeTarget "CaleTests" */ = {
			isa = XCConfigurationList;
			buildConfigurations = (
				D938C52B256A324500F415BE /* Debug */,
				D938C52C256A324500F415BE /* Release */,
			);
			defaultConfigurationIsVisible = 0;
			defaultConfigurationName = Release;
		};
		D938C52D256A324500F415BE /* Build configuration list for PBXNativeTarget "CaleUITests" */ = {
			isa = XCConfigurationList;
			buildConfigurations = (
				D938C52E256A324500F415BE /* Debug */,
				D938C52F256A324500F415BE /* Release */,
			);
			defaultConfigurationIsVisible = 0;
			defaultConfigurationName = Release;
		};
/* End XCConfigurationList section */
	};
	rootObject = D938C4F5256A324100F415BE /* Project object */;
}
